
Microsoft Visual Studio Solution File, Format Version 12.00
# Visual Studio Version 16
VisualStudioVersion = 16.0.31424.327
MinimumVisualStudioVersion = 10.0.40219.1
Project("{FAE04EC0-301F-11D3-BF4B-00C04F79EFBC}") = "Interface-inheritance", "Interface-inheritance\Interface-inheritance.csproj", "{5C8F1D38-F9DA-4D0A-8835-7ECAA9F232DC}"
EndProject
Global
	GlobalSection(SolutionConfigurationPlatforms) = preSolution
		Debug|Any CPU = Debug|Any CPU
		Release|Any CPU = Release|Any CPU
	EndGlobalSection
	GlobalSection(ProjectConfigurationPlatforms) = postSolution
		{5C8F1D38-F9DA-4D0A-8835-7ECAA9F232DC}.Debug|Any CPU.ActiveCfg = Debug|Any CPU
		{5C8F1D38-F9DA-4D0A-8835-7ECAA9F232DC}.Debug|Any CPU.Build.0 = Debug|Any CPU
		{5C8F1D38-F9DA-4D0A-8835-7ECAA9F232DC}.Release|Any CPU.ActiveCfg = Release|Any CPU
		{5C8F1D38-F9DA-4D0A-8835-7ECAA9F232DC}.Release|Any CPU.Build.0 = Release|Any CPU
	EndGlobalSection
	GlobalSection(SolutionProperties) = preSolution
		HideSolutionNode = FALSE
	EndGlobalSection
	GlobalSection(ExtensibilityGlobals) = postSolution
		SolutionGuid = {783FE0CB-EAD4-49CD-A9F0-B871E59CF60F}
	EndGlobalSection
EndGlobal
